
Microsoft Visual Studio Solution File, Format Version 12.00
# Visual Studio Version 17
VisualStudioVersion = 17.0.32014.148
MinimumVisualStudioVersion = 10.0.40219.1
Project("{FAE04EC0-301F-11D3-BF4B-00C04F79EFBC}") = "Stereogrammer", "Stereogrammer\Stereogrammer.csproj", "{90863428-0536-4F93-BC3F-564FB304E50B}"
EndProject
Project("{FAE04EC0-301F-11D3-BF4B-00C04F79EFBC}") = "Engine", "Engine\Engine.csproj", "{63F3D280-9354-40E7-82DA-B9974055B981}"
EndProject
Project("{FAE04EC0-301F-11D3-BF4B-00C04F79EFBC}") = "Animations", "Animations\Animations.csproj", "{6C395A58-ACE7-4D72-A046-93C798F01161}"
EndProject
Project("{9A19103F-16F7-4668-BE54-9A1E7A4F7556}") = "Engine.ImageSharp", "Engine.ImageSharp\Engine.ImageSharp.csproj", "{0137C52E-C657-466F-81FC-F7C310DE340F}"
EndProject
Global
	GlobalSection(SolutionConfigurationPlatforms) = preSolution
		Debug|Any CPU = Debug|Any CPU
		Release|Any CPU = Release|Any CPU
	EndGlobalSection
	GlobalSection(ProjectConfigurationPlatforms) = postSolution
		{90863428-0536-4F93-BC3F-564FB304E50B}.Debug|Any CPU.ActiveCfg = Debug|Any CPU
		{90863428-0536-4F93-BC3F-564FB304E50B}.Debug|Any CPU.Build.0 = Debug|Any CPU
		{90863428-0536-4F93-BC3F-564FB304E50B}.Release|Any CPU.ActiveCfg = Release|Any CPU
		{90863428-0536-4F93-BC3F-564FB304E50B}.Release|Any CPU.Build.0 = Release|Any CPU
		{63F3D280-9354-40E7-82DA-B9974055B981}.Debug|Any CPU.ActiveCfg = Debug|Any CPU
		{63F3D280-9354-40E7-82DA-B9974055B981}.Debug|Any CPU.Build.0 = Debug|Any CPU
		{63F3D280-9354-40E7-82DA-B9974055B981}.Release|Any CPU.ActiveCfg = Release|Any CPU
		{63F3D280-9354-40E7-82DA-B9974055B981}.Release|Any CPU.Build.0 = Release|Any CPU
		{6C395A58-ACE7-4D72-A046-93C798F01161}.Debug|Any CPU.ActiveCfg = Debug|Any CPU
		{6C395A58-ACE7-4D72-A046-93C798F01161}.Debug|Any CPU.Build.0 = Debug|Any CPU
		{6C395A58-ACE7-4D72-A046-93C798F01161}.Release|Any CPU.ActiveCfg = Release|Any CPU
		{6C395A58-ACE7-4D72-A046-93C798F01161}.Release|Any CPU.Build.0 = Release|Any CPU
		{0137C52E-C657-466F-81FC-F7C310DE340F}.Debug|Any CPU.ActiveCfg = Debug|Any CPU
		{0137C52E-C657-466F-81FC-F7C310DE340F}.Debug|Any CPU.Build.0 = Debug|Any CPU
		{0137C52E-C657-466F-81FC-F7C310DE340F}.Release|Any CPU.ActiveCfg = Release|Any CPU
		{0137C52E-C657-466F-81FC-F7C310DE340F}.Release|Any CPU.Build.0 = Release|Any CPU
	EndGlobalSection
	GlobalSection(SolutionProperties) = preSolution
		HideSolutionNode = FALSE
	EndGlobalSection
	GlobalSection(ExtensibilityGlobals) = postSolution
		SolutionGuid = {9D921FA9-3EB7-42B6-93CD-A3E8895F033C}
	EndGlobalSection
EndGlobal
